
Microsoft Visual Studio Solution File, Format Version 11.00
# Visual Studio 2010
Project("{FAE04EC0-301F-11D3-BF4B-00C04F79EFBC}") = "ODataService.FunctionalTests", "ODataService.FunctionalTests\ODataService.FunctionalTests.csproj", "{625BF609-C464-4713-A4EA-E8B01C33177F}"
EndProject
Project("{FAE04EC0-301F-11D3-BF4B-00C04F79EFBC}") = "Service", "Service\Service.csproj", "{17FB4CBE-5C22-49B9-A113-2CFFC2E61D71}"
EndProject
Global
	GlobalSection(SolutionConfigurationPlatforms) = preSolution
		Debug|Any CPU = Debug|Any CPU
		Release|Any CPU = Release|Any CPU
	EndGlobalSection
	GlobalSection(ProjectConfigurationPlatforms) = postSolution
		{625BF609-C464-4713-A4EA-E8B01C33177F}.Debug|Any CPU.ActiveCfg = Debug|Any CPU
		{625BF609-C464-4713-A4EA-E8B01C33177F}.Debug|Any CPU.Build.0 = Debug|Any CPU
		{625BF609-C464-4713-A4EA-E8B01C33177F}.Release|Any CPU.ActiveCfg = Release|Any CPU
		{625BF609-C464-4713-A4EA-E8B01C33177F}.Release|Any CPU.Build.0 = Release|Any CPU
		{17FB4CBE-5C22-49B9-A113-2CFFC2E61D71}.Debug|Any CPU.ActiveCfg = Debug|Any CPU
		{17FB4CBE-5C22-49B9-A113-2CFFC2E61D71}.Debug|Any CPU.Build.0 = Debug|Any CPU
		{17FB4CBE-5C22-49B9-A113-2CFFC2E61D71}.Release|Any CPU.ActiveCfg = Release|Any CPU
		{17FB4CBE-5C22-49B9-A113-2CFFC2E61D71}.Release|Any CPU.Build.0 = Release|Any CPU
	EndGlobalSection
	GlobalSection(SolutionProperties) = preSolution
		HideSolutionNode = FALSE
	EndGlobalSection
EndGlobal
